
Microsoft Visual Studio Solution File, Format Version 12.00
# Blend for Visual Studio Version 17
VisualStudioVersion = 17.1.32319.34
MinimumVisualStudioVersion = 10.0.40219.1
Project("{8BC9CEB8-8B4A-11D0-8D11-00A0C91BC942}") = "NetworkModule", "NetworkModule\NetworkModule.vcxproj", "{489F7C45-4DCF-430E-BB36-D83F0B4386B7}"
EndProject
Project("{8BC9CEB8-8B4A-11D0-8D11-00A0C91BC942}") = "NetworkModuleTest", "NetworkModuleTest\NetworkModuleTest.vcxproj", "{184C30D3-F54A-407F-B330-412215294493}"
EndProject
Global
	GlobalSection(SolutionConfigurationPlatforms) = preSolution
		Debug|Win32 = Debug|Win32
		Release|Win32 = Release|Win32
	EndGlobalSection
	GlobalSection(ProjectConfigurationPlatforms) = postSolution
		{489F7C45-4DCF-430E-BB36-D83F0B4386B7}.Debug|Win32.ActiveCfg = Debug|Win32
		{489F7C45-4DCF-430E-BB36-D83F0B4386B7}.Debug|Win32.Build.0 = Debug|Win32
		{489F7C45-4DCF-430E-BB36-D83F0B4386B7}.Release|Win32.ActiveCfg = Release|Win32
		{489F7C45-4DCF-430E-BB36-D83F0B4386B7}.Release|Win32.Build.0 = Release|Win32
		{184C30D3-F54A-407F-B330-412215294493}.Debug|Win32.ActiveCfg = Debug|Win32
		{184C30D3-F54A-407F-B330-412215294493}.Debug|Win32.Build.0 = Debug|Win32
		{184C30D3-F54A-407F-B330-412215294493}.Release|Win32.ActiveCfg = Release|Win32
		{184C30D3-F54A-407F-B330-412215294493}.Release|Win32.Build.0 = Release|Win32
	EndGlobalSection
	GlobalSection(SolutionProperties) = preSolution
		HideSolutionNode = FALSE
	EndGlobalSection
	GlobalSection(ExtensibilityGlobals) = postSolution
		SolutionGuid = {18F3C2AA-7558-45EB-A629-8BA1B03249D1}
	EndGlobalSection
EndGlobal
