
Microsoft Visual Studio Solution File, Format Version 9.00
# Visual C++ Express 2005
Project("{8BC9CEB8-8B4A-11D0-8D11-00A0C91BC942}") = "NetworkModuleTest", "NetworkModuleTest\NetworkModuleTest.vcproj", "{184C30D3-F54A-407F-B330-412215294493}"
EndProject
Global
	GlobalSection(SolutionConfigurationPlatforms) = preSolution
		Debug|Win32 = Debug|Win32
		Release|Win32 = Release|Win32
	EndGlobalSection
	GlobalSection(ProjectConfigurationPlatforms) = postSolution
		{184C30D3-F54A-407F-B330-412215294493}.Debug|Win32.ActiveCfg = Debug|Win32
		{184C30D3-F54A-407F-B330-412215294493}.Debug|Win32.Build.0 = Debug|Win32
		{184C30D3-F54A-407F-B330-412215294493}.Release|Win32.ActiveCfg = Release|Win32
		{184C30D3-F54A-407F-B330-412215294493}.Release|Win32.Build.0 = Release|Win32
	EndGlobalSection
	GlobalSection(SolutionProperties) = preSolution
		HideSolutionNode = FALSE
	EndGlobalSection
EndGlobal
