<?xml version="1.0" encoding="utf-8"?>
<Project ToolsVersion="4.0" xmlns="http://schemas.microsoft.com/developer/msbuild/2003">
  <ItemGroup>
    <Filter Include="src">
      <UniqueIdentifier>{4FC737F1-C7A5-4376-A066-2A32D752A2FF}</UniqueIdentifier>
      <Extensions>cpp;c;cc;cxx;def;odl;idl;hpj;bat;asm;asmx</Extensions>
    </Filter>
    <Filter Include="include">
      <UniqueIdentifier>{93995380-89BD-4b04-88EB-625FBE52EBFB}</UniqueIdentifier>
      <Extensions>h;hpp;hxx;hm;inl;inc;xsd</Extensions>
    </Filter>
  </ItemGroup>
  <ItemGroup>
    <ClInclude Include="src\MemoryCopy.h">
      <Filter>src</Filter>
    </ClInclude>
    <ClInclude Include="src\stdafx.h">
      <Filter>src</Filter>
    </ClInclude>
    <ClInclude Include="src\TcpClient.h">
      <Filter>src</Filter>
    </ClInclude>
    <ClInclude Include="src\TcpInitializer.h">
      <Filter>src</Filter>
    </ClInclude>
    <ClInclude Include="src\TcpListener.h">
      <Filter>src</Filter>
    </ClInclude>
    <ClInclude Include="include\NetworkModule\config.h">
      <Filter>include</Filter>
    </ClInclude>
    <ClInclude Include="include\NetworkModule\INetwork.h">
      <Filter>include</Filter>
    </ClInclude>
    <ClInclude Include="include\NetworkModule\Network.h">
      <Filter>include</Filter>
    </ClInclude>
    <ClInclude Include="include\NetworkModule\NetworkMock.h">
      <Filter>include</Filter>
    </ClInclude>
    <ClInclude Include="include\NetworkModule\RawMemory.h">
      <Filter>include</Filter>
    </ClInclude>
  </ItemGroup>
  <ItemGroup>
    <ClCompile Include="src\Network.cpp">
      <Filter>src</Filter>
    </ClCompile>
    <ClCompile Include="src\NetworkMock.cpp">
      <Filter>src</Filter>
    </ClCompile>
    <ClCompile Include="src\RawMemory.cpp">
      <Filter>src</Filter>
    </ClCompile>
    <ClCompile Include="src\stdafx.cpp">
      <Filter>src</Filter>
    </ClCompile>
    <ClCompile Include="src\TcpClient.cpp">
      <Filter>src</Filter>
    </ClCompile>
    <ClCompile Include="src\TcpInitializer.cpp">
      <Filter>src</Filter>
    </ClCompile>
    <ClCompile Include="src\TcpListener.cpp">
      <Filter>src</Filter>
    </ClCompile>
  </ItemGroup>
</Project>